
Microsoft Visual Studio Solution File, Format Version 12.00
# Visual Studio Version 16
VisualStudioVersion = 16.0.33920.266
MinimumVisualStudioVersion = 10.0.40219.1
Project("{FAE04EC0-301F-11D3-BF4B-00C04F79EFBC}") = "HelloFutureSquareDev", "HelloFutureSquareDev\HelloFutureSquareDev.csproj", "{B4D77A0C-9EE8-43BC-8B7E-61490504EAE4}"
EndProject
Global
	GlobalSection(SolutionConfigurationPlatforms) = preSolution
		Debug|Any CPU = Debug|Any CPU
		Release|Any CPU = Release|Any CPU
	EndGlobalSection
	GlobalSection(ProjectConfigurationPlatforms) = postSolution
		{B4D77A0C-9EE8-43BC-8B7E-61490504EAE4}.Debug|Any CPU.ActiveCfg = Debug|Any CPU
		{B4D77A0C-9EE8-43BC-8B7E-61490504EAE4}.Debug|Any CPU.Build.0 = Debug|Any CPU
		{B4D77A0C-9EE8-43BC-8B7E-61490504EAE4}.Release|Any CPU.ActiveCfg = Release|Any CPU
		{B4D77A0C-9EE8-43BC-8B7E-61490504EAE4}.Release|Any CPU.Build.0 = Release|Any CPU
	EndGlobalSection
	GlobalSection(SolutionProperties) = preSolution
		HideSolutionNode = FALSE
	EndGlobalSection
	GlobalSection(ExtensibilityGlobals) = postSolution
		SolutionGuid = {4DD717C5-9F60-44BF-9BA9-475687C07F5D}
	EndGlobalSection
EndGlobal
